
Microsoft Visual Studio Solution File, Format Version 12.00
# Visual Studio 2013
VisualStudioVersion = 12.0.21005.1
MinimumVisualStudioVersion = 10.0.40219.1
Project("{FAE04EC0-301F-11D3-BF4B-00C04F79EFBC}") = "MonitorDataManager", "MonitorDataManager\MonitorDataManager.csproj", "{85287D30-6268-493A-8980-5E676AEB5C53}"
EndProject
Project("{FAE04EC0-301F-11D3-BF4B-00C04F79EFBC}") = "MonitorFromDisplay", "MonitorFromDisplay\MonitorFromDisplay.csproj", "{65841A71-4241-47E7-AF40-CE3CCBB92006}"
EndProject
Project("{2150E333-8FDC-42A3-9474-1A3956D46DE8}") = "DataServiceEngine", "DataServiceEngine", "{13C854AA-869E-46CB-9681-14CCB7B717C0}"
EndProject
Project("{2150E333-8FDC-42A3-9474-1A3956D46DE8}") = "Acquisition", "Acquisition", "{CBEC12EF-0ECF-4F9C-B7C7-DE7E08C1A0E2}"
EndProject
Project("{FAE04EC0-301F-11D3-BF4B-00C04F79EFBC}") = "SystemMessageManager", "Acquisition\SystemMessage\SystemMessageManager\SystemMessageManager.csproj", "{AA7EAF06-DA0B-466E-800D-6CC39A7A49E8}"
EndProject
Project("{2150E333-8FDC-42A3-9474-1A3956D46DE8}") = "MarsMonitorDataManager", "MarsMonitorDataManager", "{92A0D360-391B-4E0A-AF12-F18BF39E4E81}"
EndProject
Project("{FAE04EC0-301F-11D3-BF4B-00C04F79EFBC}") = "CommandParser", "MarsMonitorDataManager\CommandParser\CommandParser.csproj", "{E178287E-C9B7-4DFE-964E-A1963F943A6E}"
EndProject
Project("{FAE04EC0-301F-11D3-BF4B-00C04F79EFBC}") = "HardwareMonitorInterface", "MarsMonitorDataManager\HardwareMonitorInterface\HardwareMonitorInterface.csproj", "{951D3CC3-76C1-454B-80CD-B89D390065EC}"
EndProject
Project("{FAE04EC0-301F-11D3-BF4B-00C04F79EFBC}") = "MarsMonitorDataReader", "MarsMonitorDataManager\MarsMonitorDataReader\MarsMonitorDataReader.csproj", "{D81AA7E1-52C6-4492-AAC4-9B6D9DD365C2}"
EndProject
Project("{FAE04EC0-301F-11D3-BF4B-00C04F79EFBC}") = "Nova.Monitoring.Common", "Nova.Monitoring.Common\Nova.Monitoring.Common.csproj", "{69888DC3-A01B-408C-966F-9D996A75392C}"
EndProject
Project("{FAE04EC0-301F-11D3-BF4B-00C04F79EFBC}") = "Nova.Monitoring.ClientDispatcher.Test", "Nova.Monitoring.ClientDispatcher.Test\Nova.Monitoring.ClientDispatcher.Test.csproj", "{C13770F6-BEF7-45DA-AC31-E0A9860658FD}"
EndProject
Project("{FAE04EC0-301F-11D3-BF4B-00C04F79EFBC}") = "Nova.Monitoring.ClientDispatcher", "Nova.Monitoring.DataDispatcher\Nova.Monitoring.ClientDispatcher.csproj", "{ECEF4F29-C0A8-4F00-8C76-4FDB7277E024}"
EndProject
Project("{FAE04EC0-301F-11D3-BF4B-00C04F79EFBC}") = "Nova.Monitoring.DataSource", "Nova.Monitoring.DataSource\Nova.Monitoring.DataSource.csproj", "{01A5ABA1-1106-4897-A5CF-A706CBB578A7}"
EndProject
Project("{FAE04EC0-301F-11D3-BF4B-00C04F79EFBC}") = "Nova.Monitoring.Engine", "Nova.Monitoring.Engine\Nova.Monitoring.Engine.csproj", "{26F69A1B-C7F1-4BB2-9A4E-39E0533C4660}"
EndProject
Project("{2150E333-8FDC-42A3-9474-1A3956D46DE8}") = "DAL", "DAL", "{2C5311BD-86B8-4604-9613-A35FAC5C42D3}"
EndProject
Project("{FAE04EC0-301F-11D3-BF4B-00C04F79EFBC}") = "MonitorDataAccessor", "MonitorDataAccessor\MonitorDataAccessor.csproj", "{48473B7B-6174-4A5E-B79C-608A04A1C0B9}"
EndProject
Project("{FAE04EC0-301F-11D3-BF4B-00C04F79EFBC}") = "MonitorDataAccessorTest", "MonitorDataAccessorTest\MonitorDataAccessorTest.csproj", "{A0104611-E32A-4203-A338-B579EF3B30C0}"
EndProject
Project("{FAE04EC0-301F-11D3-BF4B-00C04F79EFBC}") = "MarsDataAcquisition", "Acquisition\MarsDataAcquisition\MarsDataAcquisition.csproj", "{AE025E05-EF8F-4F4E-A226-1CA6FF2E57A6}"
EndProject
Project("{FAE04EC0-301F-11D3-BF4B-00C04F79EFBC}") = "Nova.Monitoring.Control", "Nova.Monitoring.Control\Nova.Monitoring.Control.csproj", "{BAF9DC41-FE91-4729-A0A8-24C7221A9638}"
EndProject
Project("{FAE04EC0-301F-11D3-BF4B-00C04F79EFBC}") = "Nova.Monitoring.WebDispatcher", "Nova.Monitoring.WebDispatcher\Nova.Monitoring.WebDispatcher.csproj", "{6305064E-118D-498E-94B8-FE0FA83CCF17}"
EndProject
Project("{FAE04EC0-301F-11D3-BF4B-00C04F79EFBC}") = "Nova.Monitoring.Utilities", "Nova.Monitoring.Utilities\Nova.Monitoring.Utilities.csproj", "{DF473246-762A-4627-8370-E2DF7CD33C68}"
EndProject
Project("{FAE04EC0-301F-11D3-BF4B-00C04F79EFBC}") = "MonitorManager", "MonitorManager\MonitorManager.csproj", "{42A13E98-71FC-40FA-A682-867742B57B59}"
	ProjectSection(ProjectDependencies) = postProject
		{AE025E05-EF8F-4F4E-A226-1CA6FF2E57A6} = {AE025E05-EF8F-4F4E-A226-1CA6FF2E57A6}
	EndProjectSection
EndProject
Project("{2150E333-8FDC-42A3-9474-1A3956D46DE8}") = "Test", "Test", "{7F813985-B0BB-4511-933E-36D196BD5CA5}"
EndProject
Project("{FAE04EC0-301F-11D3-BF4B-00C04F79EFBC}") = "Nova.Monitoring.Engine.Test", "Nova.Monitoring.Engine.Test\Nova.Monitoring.Engine.Test.csproj", "{C962B5EF-E142-4607-BB9E-FA958AA091A3}"
EndProject
Project("{2150E333-8FDC-42A3-9474-1A3956D46DE8}") = "MonitorUI", "MonitorUI", "{A8825842-4E25-4F83-B745-8E3DB55B5D54}"
EndProject
Project("{FAE04EC0-301F-11D3-BF4B-00C04F79EFBC}") = "ScannerStatusDisplay", "MonitorUI\ScannerStatusDisplay\ScannerStatusDisplay.csproj", "{2E240070-ABA7-45C2-AA64-D22DDAF33DF6}"
EndProject
Project("{FAE04EC0-301F-11D3-BF4B-00C04F79EFBC}") = "SenderStatusDisplay", "MonitorUI\SenderStatusDisplay\SenderStatusDisplay.csproj", "{F5577E6E-538A-448D-B2F6-21F58DCACA1C}"
EndProject
Project("{FAE04EC0-301F-11D3-BF4B-00C04F79EFBC}") = "MonitorAdvanceSetting", "MonitorUI\MonitorAdvanceSetting\MonitorAdvanceSetting.csproj", "{F17E7C42-F9C1-4AC3-BE73-F9BC02C61F7A}"
EndProject
Project("{2150E333-8FDC-42A3-9474-1A3956D46DE8}") = "Log4net", "Log4net", "{35FAF48A-92C5-445E-B0F5-B04D9FC6F91D}"
EndProject
Project("{FAE04EC0-301F-11D3-BF4B-00C04F79EFBC}") = "Log4NetLibrary", "Log4NetLibrary\Log4NetLibrary.csproj", "{4FF0E08A-3D8D-4474-985A-735ECD13DD92}"
EndProject
Global
	GlobalSection(SolutionConfigurationPlatforms) = preSolution
		Debug|Any CPU = Debug|Any CPU
		Debug|x64 = Debug|x64
		Debug|x86 = Debug|x86
		Release|Any CPU = Release|Any CPU
		Release|x64 = Release|x64
		Release|x86 = Release|x86
		RemoteDebug|Any CPU = RemoteDebug|Any CPU
		RemoteDebug|x64 = RemoteDebug|x64
		RemoteDebug|x86 = RemoteDebug|x86
	EndGlobalSection
	GlobalSection(ProjectConfigurationPlatforms) = postSolution
		{85287D30-6268-493A-8980-5E676AEB5C53}.Debug|Any CPU.ActiveCfg = Debug|Any CPU
		{85287D30-6268-493A-8980-5E676AEB5C53}.Debug|Any CPU.Build.0 = Debug|Any CPU
		{85287D30-6268-493A-8980-5E676AEB5C53}.Debug|x64.ActiveCfg = Debug|Any CPU
		{85287D30-6268-493A-8980-5E676AEB5C53}.Debug|x86.ActiveCfg = Debug|x86
		{85287D30-6268-493A-8980-5E676AEB5C53}.Debug|x86.Build.0 = Debug|x86
		{85287D30-6268-493A-8980-5E676AEB5C53}.Release|Any CPU.ActiveCfg = Release|Any CPU
		{85287D30-6268-493A-8980-5E676AEB5C53}.Release|Any CPU.Build.0 = Release|Any CPU
		{85287D30-6268-493A-8980-5E676AEB5C53}.Release|x64.ActiveCfg = Release|Any CPU
		{85287D30-6268-493A-8980-5E676AEB5C53}.Release|x86.ActiveCfg = Release|x86
		{85287D30-6268-493A-8980-5E676AEB5C53}.Release|x86.Build.0 = Release|x86
		{85287D30-6268-493A-8980-5E676AEB5C53}.RemoteDebug|Any CPU.ActiveCfg = Debug|Any CPU
		{85287D30-6268-493A-8980-5E676AEB5C53}.RemoteDebug|Any CPU.Build.0 = Debug|Any CPU
		{85287D30-6268-493A-8980-5E676AEB5C53}.RemoteDebug|x64.ActiveCfg = Debug|Any CPU
		{85287D30-6268-493A-8980-5E676AEB5C53}.RemoteDebug|x86.ActiveCfg = Debug|x86
		{85287D30-6268-493A-8980-5E676AEB5C53}.RemoteDebug|x86.Build.0 = Debug|x86
		{65841A71-4241-47E7-AF40-CE3CCBB92006}.Debug|Any CPU.ActiveCfg = Debug|Any CPU
		{65841A71-4241-47E7-AF40-CE3CCBB92006}.Debug|Any CPU.Build.0 = Debug|Any CPU
		{65841A71-4241-47E7-AF40-CE3CCBB92006}.Debug|x64.ActiveCfg = Debug|Any CPU
		{65841A71-4241-47E7-AF40-CE3CCBB92006}.Debug|x86.ActiveCfg = Debug|x86
		{65841A71-4241-47E7-AF40-CE3CCBB92006}.Debug|x86.Build.0 = Debug|x86
		{65841A71-4241-47E7-AF40-CE3CCBB92006}.Release|Any CPU.ActiveCfg = Release|Any CPU
		{65841A71-4241-47E7-AF40-CE3CCBB92006}.Release|Any CPU.Build.0 = Release|Any CPU
		{65841A71-4241-47E7-AF40-CE3CCBB92006}.Release|x64.ActiveCfg = Release|Any CPU
		{65841A71-4241-47E7-AF40-CE3CCBB92006}.Release|x86.ActiveCfg = Release|x86
		{65841A71-4241-47E7-AF40-CE3CCBB92006}.Release|x86.Build.0 = Release|x86
		{65841A71-4241-47E7-AF40-CE3CCBB92006}.RemoteDebug|Any CPU.ActiveCfg = Debug|Any CPU
		{65841A71-4241-47E7-AF40-CE3CCBB92006}.RemoteDebug|Any CPU.Build.0 = Debug|Any CPU
		{65841A71-4241-47E7-AF40-CE3CCBB92006}.RemoteDebug|x64.ActiveCfg = Debug|Any CPU
		{65841A71-4241-47E7-AF40-CE3CCBB92006}.RemoteDebug|x86.ActiveCfg = Debug|x86
		{65841A71-4241-47E7-AF40-CE3CCBB92006}.RemoteDebug|x86.Build.0 = Debug|x86
		{AA7EAF06-DA0B-466E-800D-6CC39A7A49E8}.Debug|Any CPU.ActiveCfg = Debug|Any CPU
		{AA7EAF06-DA0B-466E-800D-6CC39A7A49E8}.Debug|Any CPU.Build.0 = Debug|Any CPU
		{AA7EAF06-DA0B-466E-800D-6CC39A7A49E8}.Debug|x64.ActiveCfg = Debug|Any CPU
		{AA7EAF06-DA0B-466E-800D-6CC39A7A49E8}.Debug|x86.ActiveCfg = Debug|x86
		{AA7EAF06-DA0B-466E-800D-6CC39A7A49E8}.Debug|x86.Build.0 = Debug|x86
		{AA7EAF06-DA0B-466E-800D-6CC39A7A49E8}.Release|Any CPU.ActiveCfg = Release|Any CPU
		{AA7EAF06-DA0B-466E-800D-6CC39A7A49E8}.Release|Any CPU.Build.0 = Release|Any CPU
		{AA7EAF06-DA0B-466E-800D-6CC39A7A49E8}.Release|x64.ActiveCfg = Release|Any CPU
		{AA7EAF06-DA0B-466E-800D-6CC39A7A49E8}.Release|x86.ActiveCfg = Release|x86
		{AA7EAF06-DA0B-466E-800D-6CC39A7A49E8}.Release|x86.Build.0 = Release|x86
		{AA7EAF06-DA0B-466E-800D-6CC39A7A49E8}.RemoteDebug|Any CPU.ActiveCfg = Debug|Any CPU
		{AA7EAF06-DA0B-466E-800D-6CC39A7A49E8}.RemoteDebug|Any CPU.Build.0 = Debug|Any CPU
		{AA7EAF06-DA0B-466E-800D-6CC39A7A49E8}.RemoteDebug|x64.ActiveCfg = Debug|Any CPU
		{AA7EAF06-DA0B-466E-800D-6CC39A7A49E8}.RemoteDebug|x86.ActiveCfg = Debug|x86
		{AA7EAF06-DA0B-466E-800D-6CC39A7A49E8}.RemoteDebug|x86.Build.0 = Debug|x86
		{E178287E-C9B7-4DFE-964E-A1963F943A6E}.Debug|Any CPU.ActiveCfg = Debug|Any CPU
		{E178287E-C9B7-4DFE-964E-A1963F943A6E}.Debug|Any CPU.Build.0 = Debug|Any CPU
		{E178287E-C9B7-4DFE-964E-A1963F943A6E}.Debug|x64.ActiveCfg = Debug|Any CPU
		{E178287E-C9B7-4DFE-964E-A1963F943A6E}.Debug|x86.ActiveCfg = Debug|x86
		{E178287E-C9B7-4DFE-964E-A1963F943A6E}.Debug|x86.Build.0 = Debug|x86
		{E178287E-C9B7-4DFE-964E-A1963F943A6E}.Release|Any CPU.ActiveCfg = Release|Any CPU
		{E178287E-C9B7-4DFE-964E-A1963F943A6E}.Release|Any CPU.Build.0 = Release|Any CPU
		{E178287E-C9B7-4DFE-964E-A1963F943A6E}.Release|x64.ActiveCfg = Release|Any CPU
		{E178287E-C9B7-4DFE-964E-A1963F943A6E}.Release|x86.ActiveCfg = Release|x86
		{E178287E-C9B7-4DFE-964E-A1963F943A6E}.Release|x86.Build.0 = Release|x86
		{E178287E-C9B7-4DFE-964E-A1963F943A6E}.RemoteDebug|Any CPU.ActiveCfg = Debug|Any CPU
		{E178287E-C9B7-4DFE-964E-A1963F943A6E}.RemoteDebug|Any CPU.Build.0 = Debug|Any CPU
		{E178287E-C9B7-4DFE-964E-A1963F943A6E}.RemoteDebug|x64.ActiveCfg = Debug|Any CPU
		{E178287E-C9B7-4DFE-964E-A1963F943A6E}.RemoteDebug|x86.ActiveCfg = Debug|x86
		{E178287E-C9B7-4DFE-964E-A1963F943A6E}.RemoteDebug|x86.Build.0 = Debug|x86
		{951D3CC3-76C1-454B-80CD-B89D390065EC}.Debug|Any CPU.ActiveCfg = Debug|Any CPU
		{951D3CC3-76C1-454B-80CD-B89D390065EC}.Debug|Any CPU.Build.0 = Debug|Any CPU
		{951D3CC3-76C1-454B-80CD-B89D390065EC}.Debug|x64.ActiveCfg = Debug|Any CPU
		{951D3CC3-76C1-454B-80CD-B89D390065EC}.Debug|x86.ActiveCfg = Debug|x86
		{951D3CC3-76C1-454B-80CD-B89D390065EC}.Debug|x86.Build.0 = Debug|x86
		{951D3CC3-76C1-454B-80CD-B89D390065EC}.Release|Any CPU.ActiveCfg = Release|Any CPU
		{951D3CC3-76C1-454B-80CD-B89D390065EC}.Release|Any CPU.Build.0 = Release|Any CPU
		{951D3CC3-76C1-454B-80CD-B89D390065EC}.Release|x64.ActiveCfg = Release|Any CPU
		{951D3CC3-76C1-454B-80CD-B89D390065EC}.Release|x86.ActiveCfg = Release|x86
		{951D3CC3-76C1-454B-80CD-B89D390065EC}.Release|x86.Build.0 = Release|x86
		{951D3CC3-76C1-454B-80CD-B89D390065EC}.RemoteDebug|Any CPU.ActiveCfg = Debug|Any CPU
		{951D3CC3-76C1-454B-80CD-B89D390065EC}.RemoteDebug|Any CPU.Build.0 = Debug|Any CPU
		{951D3CC3-76C1-454B-80CD-B89D390065EC}.RemoteDebug|x64.ActiveCfg = Debug|Any CPU
		{951D3CC3-76C1-454B-80CD-B89D390065EC}.RemoteDebug|x86.ActiveCfg = Debug|x86
		{951D3CC3-76C1-454B-80CD-B89D390065EC}.RemoteDebug|x86.Build.0 = Debug|x86
		{D81AA7E1-52C6-4492-AAC4-9B6D9DD365C2}.Debug|Any CPU.ActiveCfg = Debug|Any CPU
		{D81AA7E1-52C6-4492-AAC4-9B6D9DD365C2}.Debug|Any CPU.Build.0 = Debug|Any CPU
		{D81AA7E1-52C6-4492-AAC4-9B6D9DD365C2}.Debug|x64.ActiveCfg = Debug|Any CPU
		{D81AA7E1-52C6-4492-AAC4-9B6D9DD365C2}.Debug|x86.ActiveCfg = Debug|x86
		{D81AA7E1-52C6-4492-AAC4-9B6D9DD365C2}.Debug|x86.Build.0 = Debug|x86
		{D81AA7E1-52C6-4492-AAC4-9B6D9DD365C2}.Release|Any CPU.ActiveCfg = Release|Any CPU
		{D81AA7E1-52C6-4492-AAC4-9B6D9DD365C2}.Release|Any CPU.Build.0 = Release|Any CPU
		{D81AA7E1-52C6-4492-AAC4-9B6D9DD365C2}.Release|x64.ActiveCfg = Release|Any CPU
		{D81AA7E1-52C6-4492-AAC4-9B6D9DD365C2}.Release|x86.ActiveCfg = Release|x86
		{D81AA7E1-52C6-4492-AAC4-9B6D9DD365C2}.Release|x86.Build.0 = Release|x86
		{D81AA7E1-52C6-4492-AAC4-9B6D9DD365C2}.RemoteDebug|Any CPU.ActiveCfg = Debug|Any CPU
		{D81AA7E1-52C6-4492-AAC4-9B6D9DD365C2}.RemoteDebug|Any CPU.Build.0 = Debug|Any CPU
		{D81AA7E1-52C6-4492-AAC4-9B6D9DD365C2}.RemoteDebug|x64.ActiveCfg = Debug|Any CPU
		{D81AA7E1-52C6-4492-AAC4-9B6D9DD365C2}.RemoteDebug|x86.ActiveCfg = Debug|x86
		{D81AA7E1-52C6-4492-AAC4-9B6D9DD365C2}.RemoteDebug|x86.Build.0 = Debug|x86
		{69888DC3-A01B-408C-966F-9D996A75392C}.Debug|Any CPU.ActiveCfg = Debug|Any CPU
		{69888DC3-A01B-408C-966F-9D996A75392C}.Debug|Any CPU.Build.0 = Debug|Any CPU
		{69888DC3-A01B-408C-966F-9D996A75392C}.Debug|x64.ActiveCfg = Debug|Any CPU
		{69888DC3-A01B-408C-966F-9D996A75392C}.Debug|x86.ActiveCfg = Debug|x86
		{69888DC3-A01B-408C-966F-9D996A75392C}.Debug|x86.Build.0 = Debug|x86
		{69888DC3-A01B-408C-966F-9D996A75392C}.Release|Any CPU.ActiveCfg = Release|Any CPU
		{69888DC3-A01B-408C-966F-9D996A75392C}.Release|Any CPU.Build.0 = Release|Any CPU
		{69888DC3-A01B-408C-966F-9D996A75392C}.Release|x64.ActiveCfg = Release|Any CPU
		{69888DC3-A01B-408C-966F-9D996A75392C}.Release|x86.ActiveCfg = Release|x86
		{69888DC3-A01B-408C-966F-9D996A75392C}.Release|x86.Build.0 = Release|x86
		{69888DC3-A01B-408C-966F-9D996A75392C}.RemoteDebug|Any CPU.ActiveCfg = Debug|Any CPU
		{69888DC3-A01B-408C-966F-9D996A75392C}.RemoteDebug|Any CPU.Build.0 = Debug|Any CPU
		{69888DC3-A01B-408C-966F-9D996A75392C}.RemoteDebug|x64.ActiveCfg = Debug|Any CPU
		{69888DC3-A01B-408C-966F-9D996A75392C}.RemoteDebug|x86.ActiveCfg = Debug|x86
		{69888DC3-A01B-408C-966F-9D996A75392C}.RemoteDebug|x86.Build.0 = Debug|x86
		{C13770F6-BEF7-45DA-AC31-E0A9860658FD}.Debug|Any CPU.ActiveCfg = Debug|Any CPU
		{C13770F6-BEF7-45DA-AC31-E0A9860658FD}.Debug|Any CPU.Build.0 = Debug|Any CPU
		{C13770F6-BEF7-45DA-AC31-E0A9860658FD}.Debug|x64.ActiveCfg = Debug|Any CPU
		{C13770F6-BEF7-45DA-AC31-E0A9860658FD}.Debug|x86.ActiveCfg = Debug|x86
		{C13770F6-BEF7-45DA-AC31-E0A9860658FD}.Debug|x86.Build.0 = Debug|x86
		{C13770F6-BEF7-45DA-AC31-E0A9860658FD}.Release|Any CPU.ActiveCfg = Release|Any CPU
		{C13770F6-BEF7-45DA-AC31-E0A9860658FD}.Release|Any CPU.Build.0 = Release|Any CPU
		{C13770F6-BEF7-45DA-AC31-E0A9860658FD}.Release|x64.ActiveCfg = Release|Any CPU
		{C13770F6-BEF7-45DA-AC31-E0A9860658FD}.Release|x86.ActiveCfg = Release|x86
		{C13770F6-BEF7-45DA-AC31-E0A9860658FD}.Release|x86.Build.0 = Release|x86
		{C13770F6-BEF7-45DA-AC31-E0A9860658FD}.RemoteDebug|Any CPU.ActiveCfg = Debug|Any CPU
		{C13770F6-BEF7-45DA-AC31-E0A9860658FD}.RemoteDebug|Any CPU.Build.0 = Debug|Any CPU
		{C13770F6-BEF7-45DA-AC31-E0A9860658FD}.RemoteDebug|x64.ActiveCfg = Debug|Any CPU
		{C13770F6-BEF7-45DA-AC31-E0A9860658FD}.RemoteDebug|x86.ActiveCfg = Debug|x86
		{C13770F6-BEF7-45DA-AC31-E0A9860658FD}.RemoteDebug|x86.Build.0 = Debug|x86
		{ECEF4F29-C0A8-4F00-8C76-4FDB7277E024}.Debug|Any CPU.ActiveCfg = Debug|Any CPU
		{ECEF4F29-C0A8-4F00-8C76-4FDB7277E024}.Debug|Any CPU.Build.0 = Debug|Any CPU
		{ECEF4F29-C0A8-4F00-8C76-4FDB7277E024}.Debug|x64.ActiveCfg = Debug|Any CPU
		{ECEF4F29-C0A8-4F00-8C76-4FDB7277E024}.Debug|x86.ActiveCfg = Debug|x86
		{ECEF4F29-C0A8-4F00-8C76-4FDB7277E024}.Debug|x86.Build.0 = Debug|x86
		{ECEF4F29-C0A8-4F00-8C76-4FDB7277E024}.Release|Any CPU.ActiveCfg = Release|Any CPU
		{ECEF4F29-C0A8-4F00-8C76-4FDB7277E024}.Release|Any CPU.Build.0 = Release|Any CPU
		{ECEF4F29-C0A8-4F00-8C76-4FDB7277E024}.Release|x64.ActiveCfg = Release|Any CPU
		{ECEF4F29-C0A8-4F00-8C76-4FDB7277E024}.Release|x86.ActiveCfg = Release|x86
		{ECEF4F29-C0A8-4F00-8C76-4FDB7277E024}.Release|x86.Build.0 = Release|x86
		{ECEF4F29-C0A8-4F00-8C76-4FDB7277E024}.RemoteDebug|Any CPU.ActiveCfg = Debug|Any CPU
		{ECEF4F29-C0A8-4F00-8C76-4FDB7277E024}.RemoteDebug|Any CPU.Build.0 = Debug|Any CPU
		{ECEF4F29-C0A8-4F00-8C76-4FDB7277E024}.RemoteDebug|x64.ActiveCfg = Debug|Any CPU
		{ECEF4F29-C0A8-4F00-8C76-4FDB7277E024}.RemoteDebug|x86.ActiveCfg = Debug|x86
		{ECEF4F29-C0A8-4F00-8C76-4FDB7277E024}.RemoteDebug|x86.Build.0 = Debug|x86
		{01A5ABA1-1106-4897-A5CF-A706CBB578A7}.Debug|Any CPU.ActiveCfg = Debug|Any CPU
		{01A5ABA1-1106-4897-A5CF-A706CBB578A7}.Debug|Any CPU.Build.0 = Debug|Any CPU
		{01A5ABA1-1106-4897-A5CF-A706CBB578A7}.Debug|x64.ActiveCfg = Debug|Any CPU
		{01A5ABA1-1106-4897-A5CF-A706CBB578A7}.Debug|x86.ActiveCfg = Debug|x86
		{01A5ABA1-1106-4897-A5CF-A706CBB578A7}.Debug|x86.Build.0 = Debug|x86
		{01A5ABA1-1106-4897-A5CF-A706CBB578A7}.Release|Any CPU.ActiveCfg = Release|Any CPU
		{01A5ABA1-1106-4897-A5CF-A706CBB578A7}.Release|Any CPU.Build.0 = Release|Any CPU
		{01A5ABA1-1106-4897-A5CF-A706CBB578A7}.Release|x64.ActiveCfg = Release|Any CPU
		{01A5ABA1-1106-4897-A5CF-A706CBB578A7}.Release|x86.ActiveCfg = Release|x86
		{01A5ABA1-1106-4897-A5CF-A706CBB578A7}.Release|x86.Build.0 = Release|x86
		{01A5ABA1-1106-4897-A5CF-A706CBB578A7}.RemoteDebug|Any CPU.ActiveCfg = Debug|Any CPU
		{01A5ABA1-1106-4897-A5CF-A706CBB578A7}.RemoteDebug|Any CPU.Build.0 = Debug|Any CPU
		{01A5ABA1-1106-4897-A5CF-A706CBB578A7}.RemoteDebug|x64.ActiveCfg = Debug|Any CPU
		{01A5ABA1-1106-4897-A5CF-A706CBB578A7}.RemoteDebug|x86.ActiveCfg = Debug|x86
		{01A5ABA1-1106-4897-A5CF-A706CBB578A7}.RemoteDebug|x86.Build.0 = Debug|x86
		{26F69A1B-C7F1-4BB2-9A4E-39E0533C4660}.Debug|Any CPU.ActiveCfg = Debug|Any CPU
		{26F69A1B-C7F1-4BB2-9A4E-39E0533C4660}.Debug|Any CPU.Build.0 = Debug|Any CPU
		{26F69A1B-C7F1-4BB2-9A4E-39E0533C4660}.Debug|x64.ActiveCfg = Debug|Any CPU
		{26F69A1B-C7F1-4BB2-9A4E-39E0533C4660}.Debug|x86.ActiveCfg = Debug|x86
		{26F69A1B-C7F1-4BB2-9A4E-39E0533C4660}.Debug|x86.Build.0 = Debug|x86
		{26F69A1B-C7F1-4BB2-9A4E-39E0533C4660}.Release|Any CPU.ActiveCfg = Release|Any CPU
		{26F69A1B-C7F1-4BB2-9A4E-39E0533C4660}.Release|Any CPU.Build.0 = Release|Any CPU
		{26F69A1B-C7F1-4BB2-9A4E-39E0533C4660}.Release|x64.ActiveCfg = Release|Any CPU
		{26F69A1B-C7F1-4BB2-9A4E-39E0533C4660}.Release|x86.ActiveCfg = Release|x86
		{26F69A1B-C7F1-4BB2-9A4E-39E0533C4660}.Release|x86.Build.0 = Release|x86
		{26F69A1B-C7F1-4BB2-9A4E-39E0533C4660}.RemoteDebug|Any CPU.ActiveCfg = Debug|Any CPU
		{26F69A1B-C7F1-4BB2-9A4E-39E0533C4660}.RemoteDebug|Any CPU.Build.0 = Debug|Any CPU
		{26F69A1B-C7F1-4BB2-9A4E-39E0533C4660}.RemoteDebug|x64.ActiveCfg = Debug|Any CPU
		{26F69A1B-C7F1-4BB2-9A4E-39E0533C4660}.RemoteDebug|x86.ActiveCfg = Debug|x86
		{26F69A1B-C7F1-4BB2-9A4E-39E0533C4660}.RemoteDebug|x86.Build.0 = Debug|x86
		{48473B7B-6174-4A5E-B79C-608A04A1C0B9}.Debug|Any CPU.ActiveCfg = Debug|Any CPU
		{48473B7B-6174-4A5E-B79C-608A04A1C0B9}.Debug|Any CPU.Build.0 = Debug|Any CPU
		{48473B7B-6174-4A5E-B79C-608A04A1C0B9}.Debug|x64.ActiveCfg = Debug|Any CPU
		{48473B7B-6174-4A5E-B79C-608A04A1C0B9}.Debug|x86.ActiveCfg = Debug|x86
		{48473B7B-6174-4A5E-B79C-608A04A1C0B9}.Debug|x86.Build.0 = Debug|x86
		{48473B7B-6174-4A5E-B79C-608A04A1C0B9}.Release|Any CPU.ActiveCfg = Release|Any CPU
		{48473B7B-6174-4A5E-B79C-608A04A1C0B9}.Release|Any CPU.Build.0 = Release|Any CPU
		{48473B7B-6174-4A5E-B79C-608A04A1C0B9}.Release|x64.ActiveCfg = Release|Any CPU
		{48473B7B-6174-4A5E-B79C-608A04A1C0B9}.Release|x86.ActiveCfg = Release|x86
		{48473B7B-6174-4A5E-B79C-608A04A1C0B9}.Release|x86.Build.0 = Release|x86
		{48473B7B-6174-4A5E-B79C-608A04A1C0B9}.RemoteDebug|Any CPU.ActiveCfg = Debug|Any CPU
		{48473B7B-6174-4A5E-B79C-608A04A1C0B9}.RemoteDebug|Any CPU.Build.0 = Debug|Any CPU
		{48473B7B-6174-4A5E-B79C-608A04A1C0B9}.RemoteDebug|x64.ActiveCfg = Debug|Any CPU
		{48473B7B-6174-4A5E-B79C-608A04A1C0B9}.RemoteDebug|x86.ActiveCfg = Debug|x86
		{48473B7B-6174-4A5E-B79C-608A04A1C0B9}.RemoteDebug|x86.Build.0 = Debug|x86
		{A0104611-E32A-4203-A338-B579EF3B30C0}.Debug|Any CPU.ActiveCfg = Debug|Any CPU
		{A0104611-E32A-4203-A338-B579EF3B30C0}.Debug|Any CPU.Build.0 = Debug|Any CPU
		{A0104611-E32A-4203-A338-B579EF3B30C0}.Debug|x64.ActiveCfg = Debug|Any CPU
		{A0104611-E32A-4203-A338-B579EF3B30C0}.Debug|x86.ActiveCfg = Debug|x86
		{A0104611-E32A-4203-A338-B579EF3B30C0}.Debug|x86.Build.0 = Debug|x86
		{A0104611-E32A-4203-A338-B579EF3B30C0}.Release|Any CPU.ActiveCfg = Release|Any CPU
		{A0104611-E32A-4203-A338-B579EF3B30C0}.Release|Any CPU.Build.0 = Release|Any CPU
		{A0104611-E32A-4203-A338-B579EF3B30C0}.Release|x64.ActiveCfg = Release|Any CPU
		{A0104611-E32A-4203-A338-B579EF3B30C0}.Release|x86.ActiveCfg = Release|x86
		{A0104611-E32A-4203-A338-B579EF3B30C0}.Release|x86.Build.0 = Release|x86
		{A0104611-E32A-4203-A338-B579EF3B30C0}.RemoteDebug|Any CPU.ActiveCfg = Debug|Any CPU
		{A0104611-E32A-4203-A338-B579EF3B30C0}.RemoteDebug|Any CPU.Build.0 = Debug|Any CPU
		{A0104611-E32A-4203-A338-B579EF3B30C0}.RemoteDebug|x64.ActiveCfg = Debug|Any CPU
		{A0104611-E32A-4203-A338-B579EF3B30C0}.RemoteDebug|x86.ActiveCfg = Debug|x86
		{A0104611-E32A-4203-A338-B579EF3B30C0}.RemoteDebug|x86.Build.0 = Debug|x86
		{AE025E05-EF8F-4F4E-A226-1CA6FF2E57A6}.Debug|Any CPU.ActiveCfg = Debug|Any CPU
		{AE025E05-EF8F-4F4E-A226-1CA6FF2E57A6}.Debug|Any CPU.Build.0 = Debug|Any CPU
		{AE025E05-EF8F-4F4E-A226-1CA6FF2E57A6}.Debug|x64.ActiveCfg = Debug|Any CPU
		{AE025E05-EF8F-4F4E-A226-1CA6FF2E57A6}.Debug|x86.ActiveCfg = Debug|x86
		{AE025E05-EF8F-4F4E-A226-1CA6FF2E57A6}.Debug|x86.Build.0 = Debug|x86
		{AE025E05-EF8F-4F4E-A226-1CA6FF2E57A6}.Release|Any CPU.ActiveCfg = Release|Any CPU
		{AE025E05-EF8F-4F4E-A226-1CA6FF2E57A6}.Release|Any CPU.Build.0 = Release|Any CPU
		{AE025E05-EF8F-4F4E-A226-1CA6FF2E57A6}.Release|x64.ActiveCfg = Release|Any CPU
		{AE025E05-EF8F-4F4E-A226-1CA6FF2E57A6}.Release|x86.ActiveCfg = Release|x86
		{AE025E05-EF8F-4F4E-A226-1CA6FF2E57A6}.Release|x86.Build.0 = Release|x86
		{AE025E05-EF8F-4F4E-A226-1CA6FF2E57A6}.RemoteDebug|Any CPU.ActiveCfg = Debug|Any CPU
		{AE025E05-EF8F-4F4E-A226-1CA6FF2E57A6}.RemoteDebug|Any CPU.Build.0 = Debug|Any CPU
		{AE025E05-EF8F-4F4E-A226-1CA6FF2E57A6}.RemoteDebug|x64.ActiveCfg = Debug|Any CPU
		{AE025E05-EF8F-4F4E-A226-1CA6FF2E57A6}.RemoteDebug|x86.ActiveCfg = Debug|x86
		{AE025E05-EF8F-4F4E-A226-1CA6FF2E57A6}.RemoteDebug|x86.Build.0 = Debug|x86
		{BAF9DC41-FE91-4729-A0A8-24C7221A9638}.Debug|Any CPU.ActiveCfg = Debug|Any CPU
		{BAF9DC41-FE91-4729-A0A8-24C7221A9638}.Debug|Any CPU.Build.0 = Debug|Any CPU
		{BAF9DC41-FE91-4729-A0A8-24C7221A9638}.Debug|x64.ActiveCfg = Debug|Any CPU
		{BAF9DC41-FE91-4729-A0A8-24C7221A9638}.Debug|x86.ActiveCfg = Debug|x86
		{BAF9DC41-FE91-4729-A0A8-24C7221A9638}.Debug|x86.Build.0 = Debug|x86
		{BAF9DC41-FE91-4729-A0A8-24C7221A9638}.Release|Any CPU.ActiveCfg = Release|Any CPU
		{BAF9DC41-FE91-4729-A0A8-24C7221A9638}.Release|Any CPU.Build.0 = Release|Any CPU
		{BAF9DC41-FE91-4729-A0A8-24C7221A9638}.Release|x64.ActiveCfg = Release|Any CPU
		{BAF9DC41-FE91-4729-A0A8-24C7221A9638}.Release|x86.ActiveCfg = Release|x86
		{BAF9DC41-FE91-4729-A0A8-24C7221A9638}.Release|x86.Build.0 = Release|x86
		{BAF9DC41-FE91-4729-A0A8-24C7221A9638}.RemoteDebug|Any CPU.ActiveCfg = Debug|Any CPU
		{BAF9DC41-FE91-4729-A0A8-24C7221A9638}.RemoteDebug|Any CPU.Build.0 = Debug|Any CPU
		{BAF9DC41-FE91-4729-A0A8-24C7221A9638}.RemoteDebug|x64.ActiveCfg = Debug|Any CPU
		{BAF9DC41-FE91-4729-A0A8-24C7221A9638}.RemoteDebug|x86.ActiveCfg = Debug|x86
		{BAF9DC41-FE91-4729-A0A8-24C7221A9638}.RemoteDebug|x86.Build.0 = Debug|x86
		{6305064E-118D-498E-94B8-FE0FA83CCF17}.Debug|Any CPU.ActiveCfg = Debug|Any CPU
		{6305064E-118D-498E-94B8-FE0FA83CCF17}.Debug|Any CPU.Build.0 = Debug|Any CPU
		{6305064E-118D-498E-94B8-FE0FA83CCF17}.Debug|x64.ActiveCfg = Debug|Any CPU
		{6305064E-118D-498E-94B8-FE0FA83CCF17}.Debug|x86.ActiveCfg = Debug|x86
		{6305064E-118D-498E-94B8-FE0FA83CCF17}.Debug|x86.Build.0 = Debug|x86
		{6305064E-118D-498E-94B8-FE0FA83CCF17}.Release|Any CPU.ActiveCfg = Release|Any CPU
		{6305064E-118D-498E-94B8-FE0FA83CCF17}.Release|Any CPU.Build.0 = Release|Any CPU
		{6305064E-118D-498E-94B8-FE0FA83CCF17}.Release|x64.ActiveCfg = Release|Any CPU
		{6305064E-118D-498E-94B8-FE0FA83CCF17}.Release|x86.ActiveCfg = Release|x86
		{6305064E-118D-498E-94B8-FE0FA83CCF17}.Release|x86.Build.0 = Release|x86
		{6305064E-118D-498E-94B8-FE0FA83CCF17}.RemoteDebug|Any CPU.ActiveCfg = Debug|Any CPU
		{6305064E-118D-498E-94B8-FE0FA83CCF17}.RemoteDebug|Any CPU.Build.0 = Debug|Any CPU
		{6305064E-118D-498E-94B8-FE0FA83CCF17}.RemoteDebug|x64.ActiveCfg = Debug|Any CPU
		{6305064E-118D-498E-94B8-FE0FA83CCF17}.RemoteDebug|x86.ActiveCfg = Debug|x86
		{6305064E-118D-498E-94B8-FE0FA83CCF17}.RemoteDebug|x86.Build.0 = Debug|x86
		{DF473246-762A-4627-8370-E2DF7CD33C68}.Debug|Any CPU.ActiveCfg = Debug|Any CPU
		{DF473246-762A-4627-8370-E2DF7CD33C68}.Debug|Any CPU.Build.0 = Debug|Any CPU
		{DF473246-762A-4627-8370-E2DF7CD33C68}.Debug|x64.ActiveCfg = Debug|Any CPU
		{DF473246-762A-4627-8370-E2DF7CD33C68}.Debug|x86.ActiveCfg = Debug|x86
		{DF473246-762A-4627-8370-E2DF7CD33C68}.Debug|x86.Build.0 = Debug|x86
		{DF473246-762A-4627-8370-E2DF7CD33C68}.Release|Any CPU.ActiveCfg = Release|Any CPU
		{DF473246-762A-4627-8370-E2DF7CD33C68}.Release|Any CPU.Build.0 = Release|Any CPU
		{DF473246-762A-4627-8370-E2DF7CD33C68}.Release|x64.ActiveCfg = Release|Any CPU
		{DF473246-762A-4627-8370-E2DF7CD33C68}.Release|x86.ActiveCfg = Release|x86
		{DF473246-762A-4627-8370-E2DF7CD33C68}.Release|x86.Build.0 = Release|x86
		{DF473246-762A-4627-8370-E2DF7CD33C68}.RemoteDebug|Any CPU.ActiveCfg = Debug|Any CPU
		{DF473246-762A-4627-8370-E2DF7CD33C68}.RemoteDebug|Any CPU.Build.0 = Debug|Any CPU
		{DF473246-762A-4627-8370-E2DF7CD33C68}.RemoteDebug|x64.ActiveCfg = Debug|Any CPU
		{DF473246-762A-4627-8370-E2DF7CD33C68}.RemoteDebug|x86.ActiveCfg = Debug|x86
		{DF473246-762A-4627-8370-E2DF7CD33C68}.RemoteDebug|x86.Build.0 = Debug|x86
		{42A13E98-71FC-40FA-A682-867742B57B59}.Debug|Any CPU.ActiveCfg = Debug|Any CPU
		{42A13E98-71FC-40FA-A682-867742B57B59}.Debug|Any CPU.Build.0 = Debug|Any CPU
		{42A13E98-71FC-40FA-A682-867742B57B59}.Debug|x64.ActiveCfg = Debug|Any CPU
		{42A13E98-71FC-40FA-A682-867742B57B59}.Debug|x86.ActiveCfg = Debug|x86
		{42A13E98-71FC-40FA-A682-867742B57B59}.Debug|x86.Build.0 = Debug|x86
		{42A13E98-71FC-40FA-A682-867742B57B59}.Release|Any CPU.ActiveCfg = Release|Any CPU
		{42A13E98-71FC-40FA-A682-867742B57B59}.Release|Any CPU.Build.0 = Release|Any CPU
		{42A13E98-71FC-40FA-A682-867742B57B59}.Release|x64.ActiveCfg = Release|Any CPU
		{42A13E98-71FC-40FA-A682-867742B57B59}.Release|x86.ActiveCfg = Release|x86
		{42A13E98-71FC-40FA-A682-867742B57B59}.Release|x86.Build.0 = Release|x86
		{42A13E98-71FC-40FA-A682-867742B57B59}.RemoteDebug|Any CPU.ActiveCfg = Debug|Any CPU
		{42A13E98-71FC-40FA-A682-867742B57B59}.RemoteDebug|Any CPU.Build.0 = Debug|Any CPU
		{42A13E98-71FC-40FA-A682-867742B57B59}.RemoteDebug|x64.ActiveCfg = Debug|Any CPU
		{42A13E98-71FC-40FA-A682-867742B57B59}.RemoteDebug|x86.ActiveCfg = Debug|x86
		{42A13E98-71FC-40FA-A682-867742B57B59}.RemoteDebug|x86.Build.0 = Debug|x86
		{C962B5EF-E142-4607-BB9E-FA958AA091A3}.Debug|Any CPU.ActiveCfg = Debug|Any CPU
		{C962B5EF-E142-4607-BB9E-FA958AA091A3}.Debug|Any CPU.Build.0 = Debug|Any CPU
		{C962B5EF-E142-4607-BB9E-FA958AA091A3}.Debug|x64.ActiveCfg = Debug|Any CPU
		{C962B5EF-E142-4607-BB9E-FA958AA091A3}.Debug|x86.ActiveCfg = Debug|x86
		{C962B5EF-E142-4607-BB9E-FA958AA091A3}.Debug|x86.Build.0 = Debug|x86
		{C962B5EF-E142-4607-BB9E-FA958AA091A3}.Release|Any CPU.ActiveCfg = Release|Any CPU
		{C962B5EF-E142-4607-BB9E-FA958AA091A3}.Release|Any CPU.Build.0 = Release|Any CPU
		{C962B5EF-E142-4607-BB9E-FA958AA091A3}.Release|x64.ActiveCfg = Release|Any CPU
		{C962B5EF-E142-4607-BB9E-FA958AA091A3}.Release|x86.ActiveCfg = Release|Any CPU
		{C962B5EF-E142-4607-BB9E-FA958AA091A3}.RemoteDebug|Any CPU.ActiveCfg = Debug|Any CPU
		{C962B5EF-E142-4607-BB9E-FA958AA091A3}.RemoteDebug|Any CPU.Build.0 = Debug|Any CPU
		{C962B5EF-E142-4607-BB9E-FA958AA091A3}.RemoteDebug|x64.ActiveCfg = Debug|Any CPU
		{C962B5EF-E142-4607-BB9E-FA958AA091A3}.RemoteDebug|x86.ActiveCfg = Debug|Any CPU
		{2E240070-ABA7-45C2-AA64-D22DDAF33DF6}.Debug|Any CPU.ActiveCfg = Debug|Any CPU
		{2E240070-ABA7-45C2-AA64-D22DDAF33DF6}.Debug|Any CPU.Build.0 = Debug|Any CPU
		{2E240070-ABA7-45C2-AA64-D22DDAF33DF6}.Debug|x64.ActiveCfg = Debug|Any CPU
		{2E240070-ABA7-45C2-AA64-D22DDAF33DF6}.Debug|x86.ActiveCfg = Debug|x86
		{2E240070-ABA7-45C2-AA64-D22DDAF33DF6}.Debug|x86.Build.0 = Debug|x86
		{2E240070-ABA7-45C2-AA64-D22DDAF33DF6}.Release|Any CPU.ActiveCfg = Release|Any CPU
		{2E240070-ABA7-45C2-AA64-D22DDAF33DF6}.Release|Any CPU.Build.0 = Release|Any CPU
		{2E240070-ABA7-45C2-AA64-D22DDAF33DF6}.Release|x64.ActiveCfg = Release|Any CPU
		{2E240070-ABA7-45C2-AA64-D22DDAF33DF6}.Release|x86.ActiveCfg = Release|x86
		{2E240070-ABA7-45C2-AA64-D22DDAF33DF6}.Release|x86.Build.0 = Release|x86
		{2E240070-ABA7-45C2-AA64-D22DDAF33DF6}.RemoteDebug|Any CPU.ActiveCfg = Debug|Any CPU
		{2E240070-ABA7-45C2-AA64-D22DDAF33DF6}.RemoteDebug|Any CPU.Build.0 = Debug|Any CPU
		{2E240070-ABA7-45C2-AA64-D22DDAF33DF6}.RemoteDebug|x64.ActiveCfg = Debug|Any CPU
		{2E240070-ABA7-45C2-AA64-D22DDAF33DF6}.RemoteDebug|x86.ActiveCfg = Debug|x86
		{2E240070-ABA7-45C2-AA64-D22DDAF33DF6}.RemoteDebug|x86.Build.0 = Debug|x86
		{F5577E6E-538A-448D-B2F6-21F58DCACA1C}.Debug|Any CPU.ActiveCfg = Debug|Any CPU
		{F5577E6E-538A-448D-B2F6-21F58DCACA1C}.Debug|Any CPU.Build.0 = Debug|Any CPU
		{F5577E6E-538A-448D-B2F6-21F58DCACA1C}.Debug|x64.ActiveCfg = Debug|Any CPU
		{F5577E6E-538A-448D-B2F6-21F58DCACA1C}.Debug|x86.ActiveCfg = Debug|x86
		{F5577E6E-538A-448D-B2F6-21F58DCACA1C}.Debug|x86.Build.0 = Debug|x86
		{F5577E6E-538A-448D-B2F6-21F58DCACA1C}.Release|Any CPU.ActiveCfg = Release|Any CPU
		{F5577E6E-538A-448D-B2F6-21F58DCACA1C}.Release|Any CPU.Build.0 = Release|Any CPU
		{F5577E6E-538A-448D-B2F6-21F58DCACA1C}.Release|x64.ActiveCfg = Release|Any CPU
		{F5577E6E-538A-448D-B2F6-21F58DCACA1C}.Release|x86.ActiveCfg = Release|x86
		{F5577E6E-538A-448D-B2F6-21F58DCACA1C}.Release|x86.Build.0 = Release|x86
		{F5577E6E-538A-448D-B2F6-21F58DCACA1C}.RemoteDebug|Any CPU.ActiveCfg = Debug|Any CPU
		{F5577E6E-538A-448D-B2F6-21F58DCACA1C}.RemoteDebug|Any CPU.Build.0 = Debug|Any CPU
		{F5577E6E-538A-448D-B2F6-21F58DCACA1C}.RemoteDebug|x64.ActiveCfg = Debug|Any CPU
		{F5577E6E-538A-448D-B2F6-21F58DCACA1C}.RemoteDebug|x86.ActiveCfg = Debug|x86
		{F5577E6E-538A-448D-B2F6-21F58DCACA1C}.RemoteDebug|x86.Build.0 = Debug|x86
		{F17E7C42-F9C1-4AC3-BE73-F9BC02C61F7A}.Debug|Any CPU.ActiveCfg = Debug|Any CPU
		{F17E7C42-F9C1-4AC3-BE73-F9BC02C61F7A}.Debug|Any CPU.Build.0 = Debug|Any CPU
		{F17E7C42-F9C1-4AC3-BE73-F9BC02C61F7A}.Debug|x64.ActiveCfg = Debug|x64
		{F17E7C42-F9C1-4AC3-BE73-F9BC02C61F7A}.Debug|x64.Build.0 = Debug|x64
		{F17E7C42-F9C1-4AC3-BE73-F9BC02C61F7A}.Debug|x86.ActiveCfg = Debug|x86
		{F17E7C42-F9C1-4AC3-BE73-F9BC02C61F7A}.Debug|x86.Build.0 = Debug|x86
		{F17E7C42-F9C1-4AC3-BE73-F9BC02C61F7A}.Release|Any CPU.ActiveCfg = Release|Any CPU
		{F17E7C42-F9C1-4AC3-BE73-F9BC02C61F7A}.Release|Any CPU.Build.0 = Release|Any CPU
		{F17E7C42-F9C1-4AC3-BE73-F9BC02C61F7A}.Release|x64.ActiveCfg = Release|x64
		{F17E7C42-F9C1-4AC3-BE73-F9BC02C61F7A}.Release|x64.Build.0 = Release|x64
		{F17E7C42-F9C1-4AC3-BE73-F9BC02C61F7A}.Release|x86.ActiveCfg = Release|x86
		{F17E7C42-F9C1-4AC3-BE73-F9BC02C61F7A}.Release|x86.Build.0 = Release|x86
		{F17E7C42-F9C1-4AC3-BE73-F9BC02C61F7A}.RemoteDebug|Any CPU.ActiveCfg = RemoteDebug|Any CPU
		{F17E7C42-F9C1-4AC3-BE73-F9BC02C61F7A}.RemoteDebug|Any CPU.Build.0 = RemoteDebug|Any CPU
		{F17E7C42-F9C1-4AC3-BE73-F9BC02C61F7A}.RemoteDebug|x64.ActiveCfg = RemoteDebug|x64
		{F17E7C42-F9C1-4AC3-BE73-F9BC02C61F7A}.RemoteDebug|x64.Build.0 = RemoteDebug|x64
		{F17E7C42-F9C1-4AC3-BE73-F9BC02C61F7A}.RemoteDebug|x86.ActiveCfg = RemoteDebug|x86
		{F17E7C42-F9C1-4AC3-BE73-F9BC02C61F7A}.RemoteDebug|x86.Build.0 = RemoteDebug|x86
		{4FF0E08A-3D8D-4474-985A-735ECD13DD92}.Debug|Any CPU.ActiveCfg = Debug|Any CPU
		{4FF0E08A-3D8D-4474-985A-735ECD13DD92}.Debug|Any CPU.Build.0 = Debug|Any CPU
		{4FF0E08A-3D8D-4474-985A-735ECD13DD92}.Debug|x64.ActiveCfg = Debug|Any CPU
		{4FF0E08A-3D8D-4474-985A-735ECD13DD92}.Debug|x86.ActiveCfg = Debug|x86
		{4FF0E08A-3D8D-4474-985A-735ECD13DD92}.Debug|x86.Build.0 = Debug|x86
		{4FF0E08A-3D8D-4474-985A-735ECD13DD92}.Release|Any CPU.ActiveCfg = Release|Any CPU
		{4FF0E08A-3D8D-4474-985A-735ECD13DD92}.Release|Any CPU.Build.0 = Release|Any CPU
		{4FF0E08A-3D8D-4474-985A-735ECD13DD92}.Release|x64.ActiveCfg = Release|Any CPU
		{4FF0E08A-3D8D-4474-985A-735ECD13DD92}.Release|x86.ActiveCfg = Release|Any CPU
		{4FF0E08A-3D8D-4474-985A-735ECD13DD92}.RemoteDebug|Any CPU.ActiveCfg = Debug|Any CPU
		{4FF0E08A-3D8D-4474-985A-735ECD13DD92}.RemoteDebug|Any CPU.Build.0 = Debug|Any CPU
		{4FF0E08A-3D8D-4474-985A-735ECD13DD92}.RemoteDebug|x64.ActiveCfg = Debug|Any CPU
		{4FF0E08A-3D8D-4474-985A-735ECD13DD92}.RemoteDebug|x86.ActiveCfg = Debug|Any CPU
	EndGlobalSection
	GlobalSection(SolutionProperties) = preSolution
		HideSolutionNode = FALSE
	EndGlobalSection
	GlobalSection(NestedProjects) = preSolution
		{69888DC3-A01B-408C-966F-9D996A75392C} = {13C854AA-869E-46CB-9681-14CCB7B717C0}
		{ECEF4F29-C0A8-4F00-8C76-4FDB7277E024} = {13C854AA-869E-46CB-9681-14CCB7B717C0}
		{01A5ABA1-1106-4897-A5CF-A706CBB578A7} = {13C854AA-869E-46CB-9681-14CCB7B717C0}
		{26F69A1B-C7F1-4BB2-9A4E-39E0533C4660} = {13C854AA-869E-46CB-9681-14CCB7B717C0}
		{BAF9DC41-FE91-4729-A0A8-24C7221A9638} = {13C854AA-869E-46CB-9681-14CCB7B717C0}
		{6305064E-118D-498E-94B8-FE0FA83CCF17} = {13C854AA-869E-46CB-9681-14CCB7B717C0}
		{DF473246-762A-4627-8370-E2DF7CD33C68} = {13C854AA-869E-46CB-9681-14CCB7B717C0}
		{AA7EAF06-DA0B-466E-800D-6CC39A7A49E8} = {CBEC12EF-0ECF-4F9C-B7C7-DE7E08C1A0E2}
		{AE025E05-EF8F-4F4E-A226-1CA6FF2E57A6} = {CBEC12EF-0ECF-4F9C-B7C7-DE7E08C1A0E2}
		{E178287E-C9B7-4DFE-964E-A1963F943A6E} = {92A0D360-391B-4E0A-AF12-F18BF39E4E81}
		{951D3CC3-76C1-454B-80CD-B89D390065EC} = {92A0D360-391B-4E0A-AF12-F18BF39E4E81}
		{D81AA7E1-52C6-4492-AAC4-9B6D9DD365C2} = {92A0D360-391B-4E0A-AF12-F18BF39E4E81}
		{C13770F6-BEF7-45DA-AC31-E0A9860658FD} = {7F813985-B0BB-4511-933E-36D196BD5CA5}
		{C962B5EF-E142-4607-BB9E-FA958AA091A3} = {7F813985-B0BB-4511-933E-36D196BD5CA5}
		{48473B7B-6174-4A5E-B79C-608A04A1C0B9} = {2C5311BD-86B8-4604-9613-A35FAC5C42D3}
		{A0104611-E32A-4203-A338-B579EF3B30C0} = {2C5311BD-86B8-4604-9613-A35FAC5C42D3}
		{2E240070-ABA7-45C2-AA64-D22DDAF33DF6} = {A8825842-4E25-4F83-B745-8E3DB55B5D54}
		{F5577E6E-538A-448D-B2F6-21F58DCACA1C} = {A8825842-4E25-4F83-B745-8E3DB55B5D54}
		{F17E7C42-F9C1-4AC3-BE73-F9BC02C61F7A} = {A8825842-4E25-4F83-B745-8E3DB55B5D54}
		{4FF0E08A-3D8D-4474-985A-735ECD13DD92} = {35FAF48A-92C5-445E-B0F5-B04D9FC6F91D}
	EndGlobalSection
	GlobalSection(DPCodeReviewSolutionGUID) = preSolution
		DPCodeReviewSolutionGUID = {00000000-0000-0000-0000-000000000000}
	EndGlobalSection
EndGlobal
